
Microsoft Visual Studio Solution File, Format Version 12.00
# Visual Studio 15
VisualStudioVersion = 15.0.27428.2037
MinimumVisualStudioVersion = 10.0.40219.1
Project("{FAE04EC0-301F-11D3-BF4B-00C04F79EFBC}") = "XamarinCheck.Android", "XamarinCheck\XamarinCheck.Android\XamarinCheck.Android.csproj", "{B9181CB4-446A-497D-B07D-BF4F0EF5E687}"
EndProject
Project("{9A19103F-16F7-4668-BE54-9A1E7A4F7556}") = "XamarinCheck", "XamarinCheck\XamarinCheck\XamarinCheck.csproj", "{0AA87CAA-9678-4F07-BEF5-5F9DAD014854}"
EndProject
Project("{FAE04EC0-301F-11D3-BF4B-00C04F79EFBC}") = "UITest1", "UITest1\UITest1.csproj", "{BC169671-FD99-4566-8032-48FB86BE05A5}"
EndProject
Global
	GlobalSection(SolutionConfigurationPlatforms) = preSolution
		Debug|Any CPU = Debug|Any CPU
		Release|Any CPU = Release|Any CPU
	EndGlobalSection
	GlobalSection(ProjectConfigurationPlatforms) = postSolution
		{B9181CB4-446A-497D-B07D-BF4F0EF5E687}.Debug|Any CPU.ActiveCfg = Debug|Any CPU
		{B9181CB4-446A-497D-B07D-BF4F0EF5E687}.Debug|Any CPU.Build.0 = Debug|Any CPU
		{B9181CB4-446A-497D-B07D-BF4F0EF5E687}.Debug|Any CPU.Deploy.0 = Debug|Any CPU
		{B9181CB4-446A-497D-B07D-BF4F0EF5E687}.Release|Any CPU.ActiveCfg = Release|Any CPU
		{B9181CB4-446A-497D-B07D-BF4F0EF5E687}.Release|Any CPU.Build.0 = Release|Any CPU
		{B9181CB4-446A-497D-B07D-BF4F0EF5E687}.Release|Any CPU.Deploy.0 = Release|Any CPU
		{0AA87CAA-9678-4F07-BEF5-5F9DAD014854}.Debug|Any CPU.ActiveCfg = Debug|Any CPU
		{0AA87CAA-9678-4F07-BEF5-5F9DAD014854}.Debug|Any CPU.Build.0 = Debug|Any CPU
		{0AA87CAA-9678-4F07-BEF5-5F9DAD014854}.Release|Any CPU.ActiveCfg = Release|Any CPU
		{0AA87CAA-9678-4F07-BEF5-5F9DAD014854}.Release|Any CPU.Build.0 = Release|Any CPU
		{BC169671-FD99-4566-8032-48FB86BE05A5}.Debug|Any CPU.ActiveCfg = Debug|Any CPU
		{BC169671-FD99-4566-8032-48FB86BE05A5}.Debug|Any CPU.Build.0 = Debug|Any CPU
		{BC169671-FD99-4566-8032-48FB86BE05A5}.Release|Any CPU.ActiveCfg = Release|Any CPU
		{BC169671-FD99-4566-8032-48FB86BE05A5}.Release|Any CPU.Build.0 = Release|Any CPU
	EndGlobalSection
	GlobalSection(SolutionProperties) = preSolution
		HideSolutionNode = FALSE
	EndGlobalSection
	GlobalSection(ExtensibilityGlobals) = postSolution
		SolutionGuid = {B52874D4-A34E-4E21-AD26-D8BE41428E6A}
	EndGlobalSection
EndGlobal
